
Microsoft Visual Studio Solution File, Format Version 12.00
# Visual Studio 14
VisualStudioVersion = 14.0.25123.0
MinimumVisualStudioVersion = 10.0.40219.1
Project("{FAE04EC0-301F-11D3-BF4B-00C04F79EFBC}") = "App.News", "App.News\App.News.csproj", "{B671C363-97C8-47C9-9A09-C47A415B1231}"
EndProject
Project("{FAE04EC0-301F-11D3-BF4B-00C04F79EFBC}") = "App.Entity", "Entity\App.Entity.csproj", "{E9C83343-668F-4C7B-B7E5-08BBEC1E54A8}"
EndProject
Project("{FAE04EC0-301F-11D3-BF4B-00C04F79EFBC}") = "App.Models", "App.Models\App.Models.csproj", "{9FC68253-2AA2-4D5C-B19B-3F5C71DE87FC}"
EndProject
Global
	GlobalSection(SolutionConfigurationPlatforms) = preSolution
		Debug|Any CPU = Debug|Any CPU
		Release|Any CPU = Release|Any CPU
	EndGlobalSection
	GlobalSection(ProjectConfigurationPlatforms) = postSolution
		{B671C363-97C8-47C9-9A09-C47A415B1231}.Debug|Any CPU.ActiveCfg = Debug|Any CPU
		{B671C363-97C8-47C9-9A09-C47A415B1231}.Debug|Any CPU.Build.0 = Debug|Any CPU
		{B671C363-97C8-47C9-9A09-C47A415B1231}.Release|Any CPU.ActiveCfg = Release|Any CPU
		{B671C363-97C8-47C9-9A09-C47A415B1231}.Release|Any CPU.Build.0 = Release|Any CPU
		{E9C83343-668F-4C7B-B7E5-08BBEC1E54A8}.Debug|Any CPU.ActiveCfg = Debug|Any CPU
		{E9C83343-668F-4C7B-B7E5-08BBEC1E54A8}.Debug|Any CPU.Build.0 = Debug|Any CPU
		{E9C83343-668F-4C7B-B7E5-08BBEC1E54A8}.Release|Any CPU.ActiveCfg = Release|Any CPU
		{E9C83343-668F-4C7B-B7E5-08BBEC1E54A8}.Release|Any CPU.Build.0 = Release|Any CPU
		{9FC68253-2AA2-4D5C-B19B-3F5C71DE87FC}.Debug|Any CPU.ActiveCfg = Debug|Any CPU
		{9FC68253-2AA2-4D5C-B19B-3F5C71DE87FC}.Debug|Any CPU.Build.0 = Debug|Any CPU
		{9FC68253-2AA2-4D5C-B19B-3F5C71DE87FC}.Release|Any CPU.ActiveCfg = Release|Any CPU
		{9FC68253-2AA2-4D5C-B19B-3F5C71DE87FC}.Release|Any CPU.Build.0 = Release|Any CPU
	EndGlobalSection
	GlobalSection(SolutionProperties) = preSolution
		HideSolutionNode = FALSE
	EndGlobalSection
EndGlobal
